Microsoft Visual Studio Solution File, Format Version 12.00
# Visual Studio 15
VisualStudioVersion = 15.0.26124.0
MinimumVisualStudioVersion = 15.0.26124.0
Project("{9A19103F-16F7-4668-BE54-9A1E7A4F7556}") = "RGOnline.Architecture", "RGonline.Arch\RGOnline.Architecture.csproj", "{B5A33881-676B-481A-94AC-D28CBFA1C803}"
EndProject
Project("{9A19103F-16F7-4668-BE54-9A1E7A4F7556}") = "RGOnline.Framework", "RGonline.Framework\RGOnline.Framework.csproj", "{BC62E0DF-618D-4A9C-8CBC-797E45F83917}"
EndProject
Project("{9A19103F-16F7-4668-BE54-9A1E7A4F7556}") = "RGOnline.DataAccess", "RGonline.DataAccess\RGOnline.DataAccess.csproj", "{5EEF6170-4B55-42D0-969D-BD2167164244}"
EndProject
Project("{9A19103F-16F7-4668-BE54-9A1E7A4F7556}") = "RGOnline.DataModels", "RGonline.DataModels\RGOnline.DataModels.csproj", "{FD59E2F3-3883-46F4-838B-2A7EF59A7222}"
EndProject
Project("{9A19103F-16F7-4668-BE54-9A1E7A4F7556}") = "RGOnline.DTOs", "RGonline.DTOs\RGOnline.DTOs.csproj", "{A6BB6F54-5957-4653-8E5F-5462CC9AEB3B}"
EndProject
Project("{9A19103F-16F7-4668-BE54-9A1E7A4F7556}") = "RGOnline.BServices", "RGonline.BServices\RGOnline.BServices.csproj", "{CD4B44D6-715B-4A2B-9CA2-10BBA1B08629}"
EndProject
Project("{9A19103F-16F7-4668-BE54-9A1E7A4F7556}") = "RGOnline.WebAPI", "RGOnline.WebAPI\RGOnline.WebAPI.csproj", "{5ECE9158-1F07-45CD-B292-75F447D00365}"
EndProject
Project("{FAE04EC0-301F-11D3-BF4B-00C04F79EFBC}") = "RGOnline.Admin.WebAPI", "RGOnline.Admin.WebAPI\RGOnline.Admin.WebAPI.csproj", "{078C9ED3-0005-4CDB-A289-AD62F1399F77}"
EndProject
Project("{FAE04EC0-301F-11D3-BF4B-00C04F79EFBC}") = "RGOnline.Admin.Web", "RGOnline.Admin.Web\RGOnline.Admin.Web.csproj", "{F6A699EF-BDB5-46C1-9978-A7AE676C5951}"
EndProject
Global
	GlobalSection(SolutionConfigurationPlatforms) = preSolution
		Debug|Any CPU = Debug|Any CPU
		Debug|x64 = Debug|x64
		Debug|x86 = Debug|x86
		Release|Any CPU = Release|Any CPU
		Release|x64 = Release|x64
		Release|x86 = Release|x86
	EndGlobalSection
	GlobalSection(ProjectConfigurationPlatforms) = postSolution
		{B5A33881-676B-481A-94AC-D28CBFA1C803}.Debug|Any CPU.ActiveCfg = Debug|Any CPU
		{B5A33881-676B-481A-94AC-D28CBFA1C803}.Debug|Any CPU.Build.0 = Debug|Any CPU
		{B5A33881-676B-481A-94AC-D28CBFA1C803}.Debug|x64.ActiveCfg = Debug|Any CPU
		{B5A33881-676B-481A-94AC-D28CBFA1C803}.Debug|x64.Build.0 = Debug|Any CPU
		{B5A33881-676B-481A-94AC-D28CBFA1C803}.Debug|x86.ActiveCfg = Debug|Any CPU
		{B5A33881-676B-481A-94AC-D28CBFA1C803}.Debug|x86.Build.0 = Debug|Any CPU
		{B5A33881-676B-481A-94AC-D28CBFA1C803}.Release|Any CPU.ActiveCfg = Release|Any CPU
		{B5A33881-676B-481A-94AC-D28CBFA1C803}.Release|Any CPU.Build.0 = Release|Any CPU
		{B5A33881-676B-481A-94AC-D28CBFA1C803}.Release|x64.ActiveCfg = Release|Any CPU
		{B5A33881-676B-481A-94AC-D28CBFA1C803}.Release|x64.Build.0 = Release|Any CPU
		{B5A33881-676B-481A-94AC-D28CBFA1C803}.Release|x86.ActiveCfg = Release|Any CPU
		{B5A33881-676B-481A-94AC-D28CBFA1C803}.Release|x86.Build.0 = Release|Any CPU
		{BC62E0DF-618D-4A9C-8CBC-797E45F83917}.Debug|Any CPU.ActiveCfg = Debug|Any CPU
		{BC62E0DF-618D-4A9C-8CBC-797E45F83917}.Debug|Any CPU.Build.0 = Debug|Any CPU
		{BC62E0DF-618D-4A9C-8CBC-797E45F83917}.Debug|x64.ActiveCfg = Debug|Any CPU
		{BC62E0DF-618D-4A9C-8CBC-797E45F83917}.Debug|x64.Build.0 = Debug|Any CPU
		{BC62E0DF-618D-4A9C-8CBC-797E45F83917}.Debug|x86.ActiveCfg = Debug|Any CPU
		{BC62E0DF-618D-4A9C-8CBC-797E45F83917}.Debug|x86.Build.0 = Debug|Any CPU
		{BC62E0DF-618D-4A9C-8CBC-797E45F83917}.Release|Any CPU.ActiveCfg = Release|Any CPU
		{BC62E0DF-618D-4A9C-8CBC-797E45F83917}.Release|Any CPU.Build.0 = Release|Any CPU
		{BC62E0DF-618D-4A9C-8CBC-797E45F83917}.Release|x64.ActiveCfg = Release|Any CPU
		{BC62E0DF-618D-4A9C-8CBC-797E45F83917}.Release|x64.Build.0 = Release|Any CPU
		{BC62E0DF-618D-4A9C-8CBC-797E45F83917}.Release|x86.ActiveCfg = Release|Any CPU
		{BC62E0DF-618D-4A9C-8CBC-797E45F83917}.Release|x86.Build.0 = Release|Any CPU
		{5EEF6170-4B55-42D0-969D-BD2167164244}.Debug|Any CPU.ActiveCfg = Debug|Any CPU
		{5EEF6170-4B55-42D0-969D-BD2167164244}.Debug|Any CPU.Build.0 = Debug|Any CPU
		{5EEF6170-4B55-42D0-969D-BD2167164244}.Debug|x64.ActiveCfg = Debug|Any CPU
		{5EEF6170-4B55-42D0-969D-BD2167164244}.Debug|x64.Build.0 = Debug|Any CPU
		{5EEF6170-4B55-42D0-969D-BD2167164244}.Debug|x86.ActiveCfg = Debug|Any CPU
		{5EEF6170-4B55-42D0-969D-BD2167164244}.Debug|x86.Build.0 = Debug|Any CPU
		{5EEF6170-4B55-42D0-969D-BD2167164244}.Release|Any CPU.ActiveCfg = Release|Any CPU
		{5EEF6170-4B55-42D0-969D-BD2167164244}.Release|Any CPU.Build.0 = Release|Any CPU
		{5EEF6170-4B55-42D0-969D-BD2167164244}.Release|x64.ActiveCfg = Release|Any CPU
		{5EEF6170-4B55-42D0-969D-BD2167164244}.Release|x64.Build.0 = Release|Any CPU
		{5EEF6170-4B55-42D0-969D-BD2167164244}.Release|x86.ActiveCfg = Release|Any CPU
		{5EEF6170-4B55-42D0-969D-BD2167164244}.Release|x86.Build.0 = Release|Any CPU
		{FD59E2F3-3883-46F4-838B-2A7EF59A7222}.Debug|Any CPU.ActiveCfg = Debug|Any CPU
		{FD59E2F3-3883-46F4-838B-2A7EF59A7222}.Debug|Any CPU.Build.0 = Debug|Any CPU
		{FD59E2F3-3883-46F4-838B-2A7EF59A7222}.Debug|x64.ActiveCfg = Debug|Any CPU
		{FD59E2F3-3883-46F4-838B-2A7EF59A7222}.Debug|x64.Build.0 = Debug|Any CPU
		{FD59E2F3-3883-46F4-838B-2A7EF59A7222}.Debug|x86.ActiveCfg = Debug|Any CPU
		{FD59E2F3-3883-46F4-838B-2A7EF59A7222}.Debug|x86.Build.0 = Debug|Any CPU
		{FD59E2F3-3883-46F4-838B-2A7EF59A7222}.Release|Any CPU.ActiveCfg = Release|Any CPU
		{FD59E2F3-3883-46F4-838B-2A7EF59A7222}.Release|Any CPU.Build.0 = Release|Any CPU
		{FD59E2F3-3883-46F4-838B-2A7EF59A7222}.Release|x64.ActiveCfg = Release|Any CPU
		{FD59E2F3-3883-46F4-838B-2A7EF59A7222}.Release|x64.Build.0 = Release|Any CPU
		{FD59E2F3-3883-46F4-838B-2A7EF59A7222}.Release|x86.ActiveCfg = Release|Any CPU
		{FD59E2F3-3883-46F4-838B-2A7EF59A7222}.Release|x86.Build.0 = Release|Any CPU
		{A6BB6F54-5957-4653-8E5F-5462CC9AEB3B}.Debug|Any CPU.ActiveCfg = Debug|Any CPU
		{A6BB6F54-5957-4653-8E5F-5462CC9AEB3B}.Debug|Any CPU.Build.0 = Debug|Any CPU
		{A6BB6F54-5957-4653-8E5F-5462CC9AEB3B}.Debug|x64.ActiveCfg = Debug|Any CPU
		{A6BB6F54-5957-4653-8E5F-5462CC9AEB3B}.Debug|x64.Build.0 = Debug|Any CPU
		{A6BB6F54-5957-4653-8E5F-5462CC9AEB3B}.Debug|x86.ActiveCfg = Debug|Any CPU
		{A6BB6F54-5957-4653-8E5F-5462CC9AEB3B}.Debug|x86.Build.0 = Debug|Any CPU
		{A6BB6F54-5957-4653-8E5F-5462CC9AEB3B}.Release|Any CPU.ActiveCfg = Release|Any CPU
		{A6BB6F54-5957-4653-8E5F-5462CC9AEB3B}.Release|Any CPU.Build.0 = Release|Any CPU
		{A6BB6F54-5957-4653-8E5F-5462CC9AEB3B}.Release|x64.ActiveCfg = Release|Any CPU
		{A6BB6F54-5957-4653-8E5F-5462CC9AEB3B}.Release|x64.Build.0 = Release|Any CPU
		{A6BB6F54-5957-4653-8E5F-5462CC9AEB3B}.Release|x86.ActiveCfg = Release|Any CPU
		{A6BB6F54-5957-4653-8E5F-5462CC9AEB3B}.Release|x86.Build.0 = Release|Any CPU
		{CD4B44D6-715B-4A2B-9CA2-10BBA1B08629}.Debug|Any CPU.ActiveCfg = Debug|Any CPU
		{CD4B44D6-715B-4A2B-9CA2-10BBA1B08629}.Debug|Any CPU.Build.0 = Debug|Any CPU
		{CD4B44D6-715B-4A2B-9CA2-10BBA1B08629}.Debug|x64.ActiveCfg = Debug|Any CPU
		{CD4B44D6-715B-4A2B-9CA2-10BBA1B08629}.Debug|x64.Build.0 = Debug|Any CPU
		{CD4B44D6-715B-4A2B-9CA2-10BBA1B08629}.Debug|x86.ActiveCfg = Debug|Any CPU
		{CD4B44D6-715B-4A2B-9CA2-10BBA1B08629}.Debug|x86.Build.0 = Debug|Any CPU
		{CD4B44D6-715B-4A2B-9CA2-10BBA1B08629}.Release|Any CPU.ActiveCfg = Release|Any CPU
		{CD4B44D6-715B-4A2B-9CA2-10BBA1B08629}.Release|Any CPU.Build.0 = Release|Any CPU
		{CD4B44D6-715B-4A2B-9CA2-10BBA1B08629}.Release|x64.ActiveCfg = Release|Any CPU
		{CD4B44D6-715B-4A2B-9CA2-10BBA1B08629}.Release|x64.Build.0 = Release|Any CPU
		{CD4B44D6-715B-4A2B-9CA2-10BBA1B08629}.Release|x86.ActiveCfg = Release|Any CPU
		{CD4B44D6-715B-4A2B-9CA2-10BBA1B08629}.Release|x86.Build.0 = Release|Any CPU
		{5ECE9158-1F07-45CD-B292-75F447D00365}.Debug|Any CPU.ActiveCfg = Debug|Any CPU
		{5ECE9158-1F07-45CD-B292-75F447D00365}.Debug|Any CPU.Build.0 = Debug|Any CPU
		{5ECE9158-1F07-45CD-B292-75F447D00365}.Debug|x64.ActiveCfg = Debug|Any CPU
		{5ECE9158-1F07-45CD-B292-75F447D00365}.Debug|x64.Build.0 = Debug|Any CPU
		{5ECE9158-1F07-45CD-B292-75F447D00365}.Debug|x86.ActiveCfg = Debug|Any CPU
		{5ECE9158-1F07-45CD-B292-75F447D00365}.Debug|x86.Build.0 = Debug|Any CPU
		{5ECE9158-1F07-45CD-B292-75F447D00365}.Release|Any CPU.ActiveCfg = Release|Any CPU
		{5ECE9158-1F07-45CD-B292-75F447D00365}.Release|Any CPU.Build.0 = Release|Any CPU
		{5ECE9158-1F07-45CD-B292-75F447D00365}.Release|x64.ActiveCfg = Release|Any CPU
		{5ECE9158-1F07-45CD-B292-75F447D00365}.Release|x64.Build.0 = Release|Any CPU
		{5ECE9158-1F07-45CD-B292-75F447D00365}.Release|x86.ActiveCfg = Release|Any CPU
		{5ECE9158-1F07-45CD-B292-75F447D00365}.Release|x86.Build.0 = Release|Any CPU
		{078C9ED3-0005-4CDB-A289-AD62F1399F77}.Debug|Any CPU.ActiveCfg = Debug|Any CPU
		{078C9ED3-0005-4CDB-A289-AD62F1399F77}.Debug|Any CPU.Build.0 = Debug|Any CPU
		{078C9ED3-0005-4CDB-A289-AD62F1399F77}.Debug|x64.ActiveCfg = Debug|Any CPU
		{078C9ED3-0005-4CDB-A289-AD62F1399F77}.Debug|x64.Build.0 = Debug|Any CPU
		{078C9ED3-0005-4CDB-A289-AD62F1399F77}.Debug|x86.ActiveCfg = Debug|Any CPU
		{078C9ED3-0005-4CDB-A289-AD62F1399F77}.Debug|x86.Build.0 = Debug|Any CPU
		{078C9ED3-0005-4CDB-A289-AD62F1399F77}.Release|Any CPU.ActiveCfg = Release|Any CPU
		{078C9ED3-0005-4CDB-A289-AD62F1399F77}.Release|Any CPU.Build.0 = Release|Any CPU
		{078C9ED3-0005-4CDB-A289-AD62F1399F77}.Release|x64.ActiveCfg = Release|Any CPU
		{078C9ED3-0005-4CDB-A289-AD62F1399F77}.Release|x64.Build.0 = Release|Any CPU
		{078C9ED3-0005-4CDB-A289-AD62F1399F77}.Release|x86.ActiveCfg = Release|Any CPU
		{078C9ED3-0005-4CDB-A289-AD62F1399F77}.Release|x86.Build.0 = Release|Any CPU
		{F6A699EF-BDB5-46C1-9978-A7AE676C5951}.Debug|Any CPU.ActiveCfg = Debug|Any CPU
		{F6A699EF-BDB5-46C1-9978-A7AE676C5951}.Debug|Any CPU.Build.0 = Debug|Any CPU
		{F6A699EF-BDB5-46C1-9978-A7AE676C5951}.Debug|x64.ActiveCfg = Debug|Any CPU
		{F6A699EF-BDB5-46C1-9978-A7AE676C5951}.Debug|x64.Build.0 = Debug|Any CPU
		{F6A699EF-BDB5-46C1-9978-A7AE676C5951}.Debug|x86.ActiveCfg = Debug|Any CPU
		{F6A699EF-BDB5-46C1-9978-A7AE676C5951}.Debug|x86.Build.0 = Debug|Any CPU
		{F6A699EF-BDB5-46C1-9978-A7AE676C5951}.Release|Any CPU.ActiveCfg = Release|Any CPU
		{F6A699EF-BDB5-46C1-9978-A7AE676C5951}.Release|Any CPU.Build.0 = Release|Any CPU
		{F6A699EF-BDB5-46C1-9978-A7AE676C5951}.Release|x64.ActiveCfg = Release|Any CPU
		{F6A699EF-BDB5-46C1-9978-A7AE676C5951}.Release|x64.Build.0 = Release|Any CPU
		{F6A699EF-BDB5-46C1-9978-A7AE676C5951}.Release|x86.ActiveCfg = Release|Any CPU
		{F6A699EF-BDB5-46C1-9978-A7AE676C5951}.Release|x86.Build.0 = Release|Any CPU
	EndGlobalSection
	GlobalSection(SolutionProperties) = preSolution
		HideSolutionNode = FALSE
	EndGlobalSection
	GlobalSection(ExtensibilityGlobals) = postSolution
		SolutionGuid = {8F1F452D-0609-441D-9EE6-A28169D8293C}
	EndGlobalSection
EndGlobal
